
Microsoft Visual Studio Solution File, Format Version 12.00
Project("{FAE04EC0-301F-11D3-BF4B-00C04F79EFBC}") = "HttpRequestSample", "HttpRequestSample.csproj", "{B8383CFA-E28B-4175-9CEE-C0B44DAAAD56}"
EndProject
Global
	GlobalSection(SolutionConfigurationPlatforms) = preSolution
		Debug|Any CPU = Debug|Any CPU
		Release|Any CPU = Release|Any CPU
	EndGlobalSection
	GlobalSection(ProjectConfigurationPlatforms) = postSolution
		{B8383CFA-E28B-4175-9CEE-C0B44DAAAD56}.Debug|Any CPU.ActiveCfg = Debug|Any CPU
		{B8383CFA-E28B-4175-9CEE-C0B44DAAAD56}.Debug|Any CPU.Build.0 = Debug|Any CPU
		{B8383CFA-E28B-4175-9CEE-C0B44DAAAD56}.Release|Any CPU.ActiveCfg = Release|Any CPU
		{B8383CFA-E28B-4175-9CEE-C0B44DAAAD56}.Release|Any CPU.Build.0 = Release|Any CPU
	EndGlobalSection
EndGlobal
